
Microsoft Visual Studio Solution File, Format Version 12.00
# Visual Studio Version 17
VisualStudioVersion = 17.11.35312.102
MinimumVisualStudioVersion = 10.0.40219.1
Project("{FAE04EC0-301F-11D3-BF4B-00C04F79EFBC}") = "ConsoleApp55", "ConsoleApp55.csproj", "{DA69526E-4152-407E-A4C9-5D092D7BFCCA}"
EndProject
Global
	GlobalSection(SolutionConfigurationPlatforms) = preSolution
		Debug|Any CPU = Debug|Any CPU
		Release|Any CPU = Release|Any CPU
	EndGlobalSection
	GlobalSection(ProjectConfigurationPlatforms) = postSolution
		{DA69526E-4152-407E-A4C9-5D092D7BFCCA}.Debug|Any CPU.ActiveCfg = Debug|Any CPU
		{DA69526E-4152-407E-A4C9-5D092D7BFCCA}.Debug|Any CPU.Build.0 = Debug|Any CPU
		{DA69526E-4152-407E-A4C9-5D092D7BFCCA}.Release|Any CPU.ActiveCfg = Release|Any CPU
		{DA69526E-4152-407E-A4C9-5D092D7BFCCA}.Release|Any CPU.Build.0 = Release|Any CPU
	EndGlobalSection
	GlobalSection(SolutionProperties) = preSolution
		HideSolutionNode = FALSE
	EndGlobalSection
	GlobalSection(ExtensibilityGlobals) = postSolution
		SolutionGuid = {ED5D1909-2629-42F8-A00F-BAA094FA1155}
	EndGlobalSection
EndGlobal
